
Microsoft Visual Studio Solution File, Format Version 12.00
# Visual Studio 15
VisualStudioVersion = 15.0.28307.329
MinimumVisualStudioVersion = 10.0.40219.1
Project("{FAE04EC0-301F-11D3-BF4B-00C04F79EFBC}") = "TurboOctoSpork", "TurboOctoSpork.csproj", "{877632E0-BFC5-4527-B6B1-81DD13379A84}"
EndProject
Global
	GlobalSection(SolutionConfigurationPlatforms) = preSolution
		Debug|x86 = Debug|x86
		Release|x86 = Release|x86
	EndGlobalSection
	GlobalSection(ProjectConfigurationPlatforms) = postSolution
		{877632E0-BFC5-4527-B6B1-81DD13379A84}.Debug|x86.ActiveCfg = Debug|x86
		{877632E0-BFC5-4527-B6B1-81DD13379A84}.Debug|x86.Build.0 = Debug|x86
		{877632E0-BFC5-4527-B6B1-81DD13379A84}.Release|x86.ActiveCfg = Release|x86
		{877632E0-BFC5-4527-B6B1-81DD13379A84}.Release|x86.Build.0 = Release|x86
	EndGlobalSection
	GlobalSection(SolutionProperties) = preSolution
		HideSolutionNode = FALSE
	EndGlobalSection
	GlobalSection(ExtensibilityGlobals) = postSolution
		SolutionGuid = {99420977-8E01-4BA7-BB02-6C890DE34677}
	EndGlobalSection
EndGlobal
